
Microsoft Visual Studio Solution File, Format Version 12.00
# Visual Studio 15
VisualStudioVersion = 15.0.28010.2050
MinimumVisualStudioVersion = 10.0.40219.1
Project("{FAE04EC0-301F-11D3-BF4B-00C04F79EFBC}") = "Invoice Run", "Invoice Run\Invoice Run.csproj", "{DC07196E-B9E3-493A-A8A1-AB70E4BBC9DC}"
EndProject
Project("{2150E333-8FDC-42A3-9474-1A3956D46DE8}") = ".nuget", ".nuget", "{5106B2D4-373C-45A8-80FA-5C0D5E2E9438}"
	ProjectSection(SolutionItems) = preProject
		.nuget\NuGet.Config = .nuget\NuGet.Config
		.nuget\NuGet.exe = .nuget\NuGet.exe
		.nuget\NuGet.targets = .nuget\NuGet.targets
	EndProjectSection
EndProject
Project("{2150E333-8FDC-42A3-9474-1A3956D46DE8}") = "Solution Items", "Solution Items", "{50B19131-9AE7-4792-93EF-B06B2F711343}"
	ProjectSection(SolutionItems) = preProject
		.gitignore = .gitignore
		README.md = README.md
		Service Billing.wsp = Service Billing.wsp
	EndProjectSection
EndProject
Global
	GlobalSection(SolutionConfigurationPlatforms) = preSolution
		Debug|Any CPU = Debug|Any CPU
		Release|Any CPU = Release|Any CPU
	EndGlobalSection
	GlobalSection(ProjectConfigurationPlatforms) = postSolution
		{DC07196E-B9E3-493A-A8A1-AB70E4BBC9DC}.Debug|Any CPU.ActiveCfg = Debug|Any CPU
		{DC07196E-B9E3-493A-A8A1-AB70E4BBC9DC}.Debug|Any CPU.Build.0 = Debug|Any CPU
		{DC07196E-B9E3-493A-A8A1-AB70E4BBC9DC}.Release|Any CPU.ActiveCfg = Release|Any CPU
		{DC07196E-B9E3-493A-A8A1-AB70E4BBC9DC}.Release|Any CPU.Build.0 = Release|Any CPU
	EndGlobalSection
	GlobalSection(SolutionProperties) = preSolution
		HideSolutionNode = FALSE
	EndGlobalSection
	GlobalSection(ExtensibilityGlobals) = postSolution
		SolutionGuid = {81C98E7B-00C9-4506-B88C-25FB2A2BD82E}
	EndGlobalSection
EndGlobal
